// !$*UTF8*$!
{
	archiveVersion = 1;
	classes = {
	};
	objectVersion = 56;
	objects = {

/* Begin PBXBuildFile section */
		FF15193D294F61C20068525F /* GetStartedView.swift in Sources */ = {isa = PBXBuildFile; fileRef = FF15193C294F61C20068525F /* GetStartedView.swift */; };
		FF151941294F6DE00068525F /* Poppins-Bold.ttf in Resources */ = {isa = PBXBuildFile; fileRef = FF15193E294F6DE00068525F /* Poppins-Bold.ttf */; };
		FF151942294F6DE00068525F /* Poppins-Bold.ttf in Resources */ = {isa = PBXBuildFile; fileRef = FF15193E294F6DE00068525F /* Poppins-Bold.ttf */; };
		FF151943294F6DE00068525F /* Poppins-Bold.ttf in Resources */ = {isa = PBXBuildFile; fileRef = FF15193E294F6DE00068525F /* Poppins-Bold.ttf */; };
		FF151944294F6DE00068525F /* Poppins-Regular.ttf in Resources */ = {isa = PBXBuildFile; fileRef = FF15193F294F6DE00068525F /* Poppins-Regular.ttf */; };
		FF151945294F6DE00068525F /* Poppins-Regular.ttf in Resources */ = {isa = PBXBuildFile; fileRef = FF15193F294F6DE00068525F /* Poppins-Regular.ttf */; };
		FF151946294F6DE00068525F /* Poppins-Regular.ttf in Resources */ = {isa = PBXBuildFile; fileRef = FF15193F294F6DE00068525F /* Poppins-Regular.ttf */; };
		FF151947294F6DE00068525F /* Poppins-SemiBold.ttf in Resources */ = {isa = PBXBuildFile; fileRef = FF151940294F6DE00068525F /* Poppins-SemiBold.ttf */; };
		FF151948294F6DE00068525F /* Poppins-SemiBold.ttf in Resources */ = {isa = PBXBuildFile; fileRef = FF151940294F6DE00068525F /* Poppins-SemiBold.ttf */; };
		FF151949294F6DE00068525F /* Poppins-SemiBold.ttf in Resources */ = {isa = PBXBuildFile; fileRef = FF151940294F6DE00068525F /* Poppins-SemiBold.ttf */; };
		FF27F38D2974EBD4003D70E9 /* BikeStoreView.swift in Sources */ = {isa = PBXBuildFile; fileRef = FF27F38C2974EBD4003D70E9 /* BikeStoreView.swift */; };
		FF643DFB2917EEBD006BD33C /* SwiftLearnApp.swift in Sources */ = {isa = PBXBuildFile; fileRef = FF643DFA2917EEBD006BD33C /* SwiftLearnApp.swift */; };
		FF643DFD2917EEBD006BD33C /* ContentView.swift in Sources */ = {isa = PBXBuildFile; fileRef = FF643DFC2917EEBD006BD33C /* ContentView.swift */; };
		FF643DFF2917EEBF006BD33C /* Assets.xcassets in Resources */ = {isa = PBXBuildFile; fileRef = FF643DFE2917EEBF006BD33C /* Assets.xcassets */; };
		FF643E022917EEBF006BD33C /* Preview Assets.xcassets in Resources */ = {isa = PBXBuildFile; fileRef = FF643E012917EEBF006BD33C /* Preview Assets.xcassets */; };
		FF643E0C2917EEBF006BD33C /* SwiftLearnTests.swift in Sources */ = {isa = PBXBuildFile; fileRef = FF643E0B2917EEBF006BD33C /* SwiftLearnTests.swift */; };
		FF643E162917EEBF006BD33C /* SwiftLearnUITests.swift in Sources */ = {isa = PBXBuildFile; fileRef = FF643E152917EEBF006BD33C /* SwiftLearnUITests.swift */; };
		FF643E182917EEBF006BD33C /* SwiftLearnUITestsLaunchTests.swift in Sources */ = {isa = PBXBuildFile; fileRef = FF643E172917EEBF006BD33C /* SwiftLearnUITestsLaunchTests.swift */; };
		FF655253297BA26400F953F9 /* EnvGlobalStateView.swift in Sources */ = {isa = PBXBuildFile; fileRef = FF655252297BA26400F953F9 /* EnvGlobalStateView.swift */; };
		FF655255297BA50B00F953F9 /* AuthUser.swift in Sources */ = {isa = PBXBuildFile; fileRef = FF655254297BA50B00F953F9 /* AuthUser.swift */; };
		FF6E5DCB2988BAC4001BE5E7 /* ShoesDataView.swift in Sources */ = {isa = PBXBuildFile; fileRef = FF6E5DCA2988BAC4001BE5E7 /* ShoesDataView.swift */; };
		FF6E5DCD2988BAD4001BE5E7 /* Shoes.swift in Sources */ = {isa = PBXBuildFile; fileRef = FF6E5DCC2988BAD4001BE5E7 /* Shoes.swift */; };
		FF6E5DCF2988C52E001BE5E7 /* ShoeService.swift in Sources */ = {isa = PBXBuildFile; fileRef = FF6E5DCE2988C52E001BE5E7 /* ShoeService.swift */; };
		FF78CB482963EED8009CD799 /* StarAppsSignInView.swift in Sources */ = {isa = PBXBuildFile; fileRef = FF78CB472963EED8009CD799 /* StarAppsSignInView.swift */; };
		FF8D0B39297D64CA00DA03D5 /* GeometryReaderView.swift in Sources */ = {isa = PBXBuildFile; fileRef = FF8D0B38297D64CA00DA03D5 /* GeometryReaderView.swift */; };
		FF8F5222295D4F4300E99AA0 /* Poppins-Medium.ttf in Resources */ = {isa = PBXBuildFile; fileRef = FF8F5221295D4F4300E99AA0 /* Poppins-Medium.ttf */; };
		FF8F5223295D4F4300E99AA0 /* Poppins-Medium.ttf in Resources */ = {isa = PBXBuildFile; fileRef = FF8F5221295D4F4300E99AA0 /* Poppins-Medium.ttf */; };
		FF8F5224295D4F4300E99AA0 /* Poppins-Medium.ttf in Resources */ = {isa = PBXBuildFile; fileRef = FF8F5221295D4F4300E99AA0 /* Poppins-Medium.ttf */; };
		FF938BF52998A42600E3BA3D /* CounterMVVMView.swift in Sources */ = {isa = PBXBuildFile; fileRef = FF938BF42998A42600E3BA3D /* CounterMVVMView.swift */; };
		FF938BF82998A6C300E3BA3D /* Counter.swift in Sources */ = {isa = PBXBuildFile; fileRef = FF938BF72998A6C300E3BA3D /* Counter.swift */; };
		FF938BFB2998A82400E3BA3D /* CounterViewModel.swift in Sources */ = {isa = PBXBuildFile; fileRef = FF938BFA2998A82400E3BA3D /* CounterViewModel.swift */; };
		FFA05144297E29B900A83399 /* DragGestureView.swift in Sources */ = {isa = PBXBuildFile; fileRef = FFA05143297E29B900A83399 /* DragGestureView.swift */; };
		FFA05146297E337900A83399 /* DrawShapeView.swift in Sources */ = {isa = PBXBuildFile; fileRef = FFA05145297E337900A83399 /* DrawShapeView.swift */; };
		FFA05148297E456100A83399 /* FetchGetView.swift in Sources */ = {isa = PBXBuildFile; fileRef = FFA05147297E456100A83399 /* FetchGetView.swift */; };
		FFA0514C297E45C700A83399 /* Post.swift in Sources */ = {isa = PBXBuildFile; fileRef = FFA0514B297E45C700A83399 /* Post.swift */; };
		FFA0514E297E463200A83399 /* ApiService.swift in Sources */ = {isa = PBXBuildFile; fileRef = FFA0514D297E463200A83399 /* ApiService.swift */; };
		FFAE82012962B5E700326A84 /* DetailView.swift in Sources */ = {isa = PBXBuildFile; fileRef = FFAE82002962B5E700326A84 /* DetailView.swift */; };
		FFD0BD42295A94EA00D175EF /* HomeView.swift in Sources */ = {isa = PBXBuildFile; fileRef = FFD0BD41295A94EA00D175EF /* HomeView.swift */; };
		FFD0BD43295A94EA00D175EF /* HomeView.swift in Sources */ = {isa = PBXBuildFile; fileRef = FFD0BD41295A94EA00D175EF /* HomeView.swift */; };
		FFD0BD44295A94EA00D175EF /* HomeView.swift in Sources */ = {isa = PBXBuildFile; fileRef = FFD0BD41295A94EA00D175EF /* HomeView.swift */; };
		FFF646DC297A6A10004FDF76 /* GlobalState.swift in Sources */ = {isa = PBXBuildFile; fileRef = FFF646DB297A6A10004FDF76 /* GlobalState.swift */; };
		FFFB2913296EFC8200BE3903 /* YoutubeClone.swift in Sources */ = {isa = PBXBuildFile; fileRef = FFFB2912296EFC8200BE3903 /* YoutubeClone.swift */; };
		FFFB3A5C296508660004E9F1 /* FormNavView.swift in Sources */ = {isa = PBXBuildFile; fileRef = FFFB3A5B296508660004E9F1 /* FormNavView.swift */; };
/* End PBXBuildFile section */

/* Begin PBXContainerItemProxy section */
		FF643E082917EEBF006BD33C /* PBXContainerItemProxy */ = {
			isa = PBXContainerItemProxy;
			containerPortal = FF643DEF2917EEBD006BD33C /* Project object */;
			proxyType = 1;
			remoteGlobalIDString = FF643DF62917EEBD006BD33C;
			remoteInfo = SwiftLearn;
		};
		FF643E122917EEBF006BD33C /* PBXContainerItemProxy */ = {
			isa = PBXContainerItemProxy;
			containerPortal = FF643DEF2917EEBD006BD33C /* Project object */;
			proxyType = 1;
			remoteGlobalIDString = FF643DF62917EEBD006BD33C;
			remoteInfo = SwiftLearn;
		};
/* End PBXContainerItemProxy section */

/* Begin PBXFileReference section */
		FF15193C294F61C20068525F /* GetStartedView.swift */ = {isa = PBXFileReference; lastKnownFileType = sourcecode.swift; path = GetStartedView.swift; sourceTree = "<group>"; };
		FF15193E294F6DE00068525F /* Poppins-Bold.ttf */ = {isa = PBXFileReference; lastKnownFileType = file; path = "Poppins-Bold.ttf"; sourceTree = "<group>"; };
		FF15193F294F6DE00068525F /* Poppins-Regular.ttf */ = {isa = PBXFileReference; lastKnownFileType = file; path = "Poppins-Regular.ttf"; sourceTree = "<group>"; };
		FF151940294F6DE00068525F /* Poppins-SemiBold.ttf */ = {isa = PBXFileReference; lastKnownFileType = file; path = "Poppins-SemiBold.ttf"; sourceTree = "<group>"; };
		FF15194A294F6E2E0068525F /* Info.plist */ = {isa = PBXFileReference; lastKnownFileType = text.plist; path = Info.plist; sourceTree = "<group>"; };
		FF27F38C2974EBD4003D70E9 /* BikeStoreView.swift */ = {isa = PBXFileReference; lastKnownFileType = sourcecode.swift; path = BikeStoreView.swift; sourceTree = "<group>"; };
		FF643DF72917EEBD006BD33C /* SwiftLearn.app */ = {isa = PBXFileReference; explicitFileType = wrapper.application; includeInIndex = 0; path = SwiftLearn.app; sourceTree = BUILT_PRODUCTS_DIR; };
		FF643DFA2917EEBD006BD33C /* SwiftLearnApp.swift */ = {isa = PBXFileReference; lastKnownFileType = sourcecode.swift; path = SwiftLearnApp.swift; sourceTree = "<group>"; };
		FF643DFC2917EEBD006BD33C /* ContentView.swift */ = {isa = PBXFileReference; lastKnownFileType = sourcecode.swift; path = ContentView.swift; sourceTree = "<group>"; };
		FF643DFE2917EEBF006BD33C /* Assets.xcassets */ = {isa = PBXFileReference; lastKnownFileType = folder.assetcatalog; path = Assets.xcassets; sourceTree = "<group>"; };
		FF643E012917EEBF006BD33C /* Preview Assets.xcassets */ = {isa = PBXFileReference; lastKnownFileType = folder.assetcatalog; path = "Preview Assets.xcassets"; sourceTree = "<group>"; };
		FF643E072917EEBF006BD33C /* SwiftLearnTests.xctest */ = {isa = PBXFileReference; explicitFileType = wrapper.cfbundle; includeInIndex = 0; path = SwiftLearnTests.xctest; sourceTree = BUILT_PRODUCTS_DIR; };
		FF643E0B2917EEBF006BD33C /* SwiftLearnTests.swift */ = {isa = PBXFileReference; lastKnownFileType = sourcecode.swift; path = SwiftLearnTests.swift; sourceTree = "<group>"; };
		FF643E112917EEBF006BD33C /* SwiftLearnUITests.xctest */ = {isa = PBXFileReference; explicitFileType = wrapper.cfbundle; includeInIndex = 0; path = SwiftLearnUITests.xctest; sourceTree = BUILT_PRODUCTS_DIR; };
		FF643E152917EEBF006BD33C /* SwiftLearnUITests.swift */ = {isa = PBXFileReference; lastKnownFileType = sourcecode.swift; path = SwiftLearnUITests.swift; sourceTree = "<group>"; };
		FF643E172917EEBF006BD33C /* SwiftLearnUITestsLaunchTests.swift */ = {isa = PBXFileReference; lastKnownFileType = sourcecode.swift; path = SwiftLearnUITestsLaunchTests.swift; sourceTree = "<group>"; };
		FF655252297BA26400F953F9 /* EnvGlobalStateView.swift */ = {isa = PBXFileReference; lastKnownFileType = sourcecode.swift; path = EnvGlobalStateView.swift; sourceTree = "<group>"; };
		FF655254297BA50B00F953F9 /* AuthUser.swift */ = {isa = PBXFileReference; lastKnownFileType = sourcecode.swift; path = AuthUser.swift; sourceTree = "<group>"; };
		FF6E5DCA2988BAC4001BE5E7 /* ShoesDataView.swift */ = {isa = PBXFileReference; lastKnownFileType = sourcecode.swift; path = ShoesDataView.swift; sourceTree = "<group>"; tabWidth = 4; usesTabs = 0; };
		FF6E5DCC2988BAD4001BE5E7 /* Shoes.swift */ = {isa = PBXFileReference; lastKnownFileType = sourcecode.swift; path = Shoes.swift; sourceTree = "<group>"; };
		FF6E5DCE2988C52E001BE5E7 /* ShoeService.swift */ = {isa = PBXFileReference; lastKnownFileType = sourcecode.swift; path = ShoeService.swift; sourceTree = "<group>"; };
		FF78CB472963EED8009CD799 /* StarAppsSignInView.swift */ = {isa = PBXFileReference; lastKnownFileType = sourcecode.swift; path = StarAppsSignInView.swift; sourceTree = "<group>"; };
		FF8D0B38297D64CA00DA03D5 /* GeometryReaderView.swift */ = {isa = PBXFileReference; lastKnownFileType = sourcecode.swift; path = GeometryReaderView.swift; sourceTree = "<group>"; };
		FF8F5221295D4F4300E99AA0 /* Poppins-Medium.ttf */ = {isa = PBXFileReference; lastKnownFileType = file; path = "Poppins-Medium.ttf"; sourceTree = "<group>"; };
		FF938BF42998A42600E3BA3D /* CounterMVVMView.swift */ = {isa = PBXFileReference; lastKnownFileType = sourcecode.swift; path = CounterMVVMView.swift; sourceTree = "<group>"; };
		FF938BF72998A6C300E3BA3D /* Counter.swift */ = {isa = PBXFileReference; lastKnownFileType = sourcecode.swift; path = Counter.swift; sourceTree = "<group>"; };
		FF938BFA2998A82400E3BA3D /* CounterViewModel.swift */ = {isa = PBXFileReference; lastKnownFileType = sourcecode.swift; path = CounterViewModel.swift; sourceTree = "<group>"; };
		FFA05143297E29B900A83399 /* DragGestureView.swift */ = {isa = PBXFileReference; lastKnownFileType = sourcecode.swift; path = DragGestureView.swift; sourceTree = "<group>"; };
		FFA05145297E337900A83399 /* DrawShapeView.swift */ = {isa = PBXFileReference; lastKnownFileType = sourcecode.swift; path = DrawShapeView.swift; sourceTree = "<group>"; };
		FFA05147297E456100A83399 /* FetchGetView.swift */ = {isa = PBXFileReference; lastKnownFileType = sourcecode.swift; path = FetchGetView.swift; sourceTree = "<group>"; };
		FFA0514B297E45C700A83399 /* Post.swift */ = {isa = PBXFileReference; lastKnownFileType = sourcecode.swift; path = Post.swift; sourceTree = "<group>"; };
		FFA0514D297E463200A83399 /* ApiService.swift */ = {isa = PBXFileReference; lastKnownFileType = sourcecode.swift; path = ApiService.swift; sourceTree = "<group>"; };
		FFAE82002962B5E700326A84 /* DetailView.swift */ = {isa = PBXFileReference; lastKnownFileType = sourcecode.swift; path = DetailView.swift; sourceTree = "<group>"; };
		FFD0BD41295A94EA00D175EF /* HomeView.swift */ = {isa = PBXFileReference; lastKnownFileType = sourcecode.swift; path = HomeView.swift; sourceTree = "<group>"; };
		FFF646DB297A6A10004FDF76 /* GlobalState.swift */ = {isa = PBXFileReference; lastKnownFileType = sourcecode.swift; path = GlobalState.swift; sourceTree = "<group>"; };
		FFFB2912296EFC8200BE3903 /* YoutubeClone.swift */ = {isa = PBXFileReference; lastKnownFileType = sourcecode.swift; path = YoutubeClone.swift; sourceTree = "<group>"; };
		FFFB3A5B296508660004E9F1 /* FormNavView.swift */ = {isa = PBXFileReference; lastKnownFileType = sourcecode.swift; path = FormNavView.swift; sourceTree = "<group>"; };
/* End PBXFileReference section */

/* Begin PBXFrameworksBuildPhase section */
		FF643DF42917EEBD006BD33C /* Frameworks */ = {
			isa = PBXFrameworksBuildPhase;
			buildActionMask = 2147483647;
			files = (
			);
			runOnlyForDeploymentPostprocessing = 0;
		};
		FF643E042917EEBF006BD33C /* Frameworks */ = {
			isa = PBXFrameworksBuildPhase;
			buildActionMask = 2147483647;
			files = (
			);
			runOnlyForDeploymentPostprocessing = 0;
		};
		FF643E0E2917EEBF006BD33C /* Frameworks */ = {
			isa = PBXFrameworksBuildPhase;
			buildActionMask = 2147483647;
			files = (
			);
			runOnlyForDeploymentPostprocessing = 0;
		};
/* End PBXFrameworksBuildPhase section */

/* Begin PBXGroup section */
		FF643DEE2917EEBD006BD33C = {
			isa = PBXGroup;
			children = (
				FF643DF92917EEBD006BD33C /* SwiftLearn */,
				FF643E0A2917EEBF006BD33C /* SwiftLearnTests */,
				FF643E142917EEBF006BD33C /* SwiftLearnUITests */,
				FF643DF82917EEBD006BD33C /* Products */,
			);
			sourceTree = "<group>";
		};
		FF643DF82917EEBD006BD33C /* Products */ = {
			isa = PBXGroup;
			children = (
				FF643DF72917EEBD006BD33C /* SwiftLearn.app */,
				FF643E072917EEBF006BD33C /* SwiftLearnTests.xctest */,
				FF643E112917EEBF006BD33C /* SwiftLearnUITests.xctest */,
			);
			name = Products;
			sourceTree = "<group>";
		};
		FF643DF92917EEBD006BD33C /* SwiftLearn */ = {
			isa = PBXGroup;
			children = (
				FF938BF22998A40800E3BA3D /* MVVMLearn */,
				FFA0514A297E45A900A83399 /* WebServices */,
				FFA05149297E45A100A83399 /* Models */,
				FF15194A294F6E2E0068525F /* Info.plist */,
				FF15193E294F6DE00068525F /* Poppins-Bold.ttf */,
				FF15193F294F6DE00068525F /* Poppins-Regular.ttf */,
				FF8F5221295D4F4300E99AA0 /* Poppins-Medium.ttf */,
				FF151940294F6DE00068525F /* Poppins-SemiBold.ttf */,
				FF643DFA2917EEBD006BD33C /* SwiftLearnApp.swift */,
				FF643DFC2917EEBD006BD33C /* ContentView.swift */,
				FF15193C294F61C20068525F /* GetStartedView.swift */,
				FFD0BD41295A94EA00D175EF /* HomeView.swift */,
				FFAE82002962B5E700326A84 /* DetailView.swift */,
				FF78CB472963EED8009CD799 /* StarAppsSignInView.swift */,
				FFFB3A5B296508660004E9F1 /* FormNavView.swift */,
				FFFB2912296EFC8200BE3903 /* YoutubeClone.swift */,
				FF27F38C2974EBD4003D70E9 /* BikeStoreView.swift */,
				FFF646DB297A6A10004FDF76 /* GlobalState.swift */,
				FF655252297BA26400F953F9 /* EnvGlobalStateView.swift */,
				FF655254297BA50B00F953F9 /* AuthUser.swift */,
				FF8D0B38297D64CA00DA03D5 /* GeometryReaderView.swift */,
				FFA05143297E29B900A83399 /* DragGestureView.swift */,
				FFA05145297E337900A83399 /* DrawShapeView.swift */,
				FFA05147297E456100A83399 /* FetchGetView.swift */,
				FF6E5DCA2988BAC4001BE5E7 /* ShoesDataView.swift */,
				FF643DFE2917EEBF006BD33C /* Assets.xcassets */,
				FF643E002917EEBF006BD33C /* Preview Content */,
			);
			path = SwiftLearn;
			sourceTree = "<group>";
		};
		FF643E002917EEBF006BD33C /* Preview Content */ = {
			isa = PBXGroup;
			children = (
				FF643E012917EEBF006BD33C /* Preview Assets.xcassets */,
			);
			path = "Preview Content";
			sourceTree = "<group>";
		};
		FF643E0A2917EEBF006BD33C /* SwiftLearnTests */ = {
			isa = PBXGroup;
			children = (
				FF643E0B2917EEBF006BD33C /* SwiftLearnTests.swift */,
			);
			path = SwiftLearnTests;
			sourceTree = "<group>";
		};
		FF643E142917EEBF006BD33C /* SwiftLearnUITests */ = {
			isa = PBXGroup;
			children = (
				FF643E152917EEBF006BD33C /* SwiftLearnUITests.swift */,
				FF643E172917EEBF006BD33C /* SwiftLearnUITestsLaunchTests.swift */,
			);
			path = SwiftLearnUITests;
			sourceTree = "<group>";
		};
		FF938BF22998A40800E3BA3D /* MVVMLearn */ = {
			isa = PBXGroup;
			children = (
				FF938BF92998A7D500E3BA3D /* ViewModels */,
				FF938BF62998A6B400E3BA3D /* Models */,
				FF938BF32998A41300E3BA3D /* View */,
			);
			path = MVVMLearn;
			sourceTree = "<group>";
		};
		FF938BF32998A41300E3BA3D /* View */ = {
			isa = PBXGroup;
			children = (
				FF938BF42998A42600E3BA3D /* CounterMVVMView.swift */,
			);
			path = View;
			sourceTree = "<group>";
		};
		FF938BF62998A6B400E3BA3D /* Models */ = {
			isa = PBXGroup;
			children = (
				FF938BF72998A6C300E3BA3D /* Counter.swift */,
			);
			path = Models;
			sourceTree = "<group>";
		};
		FF938BF92998A7D500E3BA3D /* ViewModels */ = {
			isa = PBXGroup;
			children = (
				FF938BFA2998A82400E3BA3D /* CounterViewModel.swift */,
			);
			path = ViewModels;
			sourceTree = "<group>";
		};
		FFA05149297E45A100A83399 /* Models */ = {
			isa = PBXGroup;
			children = (
				FFA0514B297E45C700A83399 /* Post.swift */,
				FF6E5DCC2988BAD4001BE5E7 /* Shoes.swift */,
			);
			path = Models;
			sourceTree = "<group>";
		};
		FFA0514A297E45A900A83399 /* WebServices */ = {
			isa = PBXGroup;
			children = (
				FFA0514D297E463200A83399 /* ApiService.swift */,
				FF6E5DCE2988C52E001BE5E7 /* ShoeService.swift */,
			);
			path = WebServices;
			sourceTree = "<group>";
		};
/* End PBXGroup section */

/* Begin PBXNativeTarget section */
		FF643DF62917EEBD006BD33C /* SwiftLearn */ = {
			isa = PBXNativeTarget;
			buildConfigurationList = FF643E1B2917EEBF006BD33C /* Build configuration list for PBXNativeTarget "SwiftLearn" */;
			buildPhases = (
				FF643DF32917EEBD006BD33C /* Sources */,
				FF643DF42917EEBD006BD33C /* Frameworks */,
				FF643DF52917EEBD006BD33C /* Resources */,
			);
			buildRules = (
			);
			dependencies = (
			);
			name = SwiftLearn;
			productName = SwiftLearn;
			productReference = FF643DF72917EEBD006BD33C /* SwiftLearn.app */;
			productType = "com.apple.product-type.application";
		};
		FF643E062917EEBF006BD33C /* SwiftLearnTests */ = {
			isa = PBXNativeTarget;
			buildConfigurationList = FF643E1E2917EEBF006BD33C /* Build configuration list for PBXNativeTarget "SwiftLearnTests" */;
			buildPhases = (
				FF643E032917EEBF006BD33C /* Sources */,
				FF643E042917EEBF006BD33C /* Frameworks */,
				FF643E052917EEBF006BD33C /* Resources */,
			);
			buildRules = (
			);
			dependencies = (
				FF643E092917EEBF006BD33C /* PBXTargetDependency */,
			);
			name = SwiftLearnTests;
			productName = SwiftLearnTests;
			productReference = FF643E072917EEBF006BD33C /* SwiftLearnTests.xctest */;
			productType = "com.apple.product-type.bundle.unit-test";
		};
		FF643E102917EEBF006BD33C /* SwiftLearnUITests */ = {
			isa = PBXNativeTarget;
			buildConfigurationList = FF643E212917EEBF006BD33C /* Build configuration list for PBXNativeTarget "SwiftLearnUITests" */;
			buildPhases = (
				FF643E0D2917EEBF006BD33C /* Sources */,
				FF643E0E2917EEBF006BD33C /* Frameworks */,
				FF643E0F2917EEBF006BD33C /* Resources */,
			);
			buildRules = (
			);
			dependencies = (
				FF643E132917EEBF006BD33C /* PBXTargetDependency */,
			);
			name = SwiftLearnUITests;
			productName = SwiftLearnUITests;
			productReference = FF643E112917EEBF006BD33C /* SwiftLearnUITests.xctest */;
			productType = "com.apple.product-type.bundle.ui-testing";
		};
/* End PBXNativeTarget section */

/* Begin PBXProject section */
		FF643DEF2917EEBD006BD33C /* Project object */ = {
			isa = PBXProject;
			attributes = {
				BuildIndependentTargetsInParallel = 1;
				LastSwiftUpdateCheck = 1400;
				LastUpgradeCheck = 1400;
				TargetAttributes = {
					FF643DF62917EEBD006BD33C = {
						CreatedOnToolsVersion = 14.0.1;
					};
					FF643E062917EEBF006BD33C = {
						CreatedOnToolsVersion = 14.0.1;
						TestTargetID = FF643DF62917EEBD006BD33C;
					};
					FF643E102917EEBF006BD33C = {
						CreatedOnToolsVersion = 14.0.1;
						TestTargetID = FF643DF62917EEBD006BD33C;
					};
				};
			};
			buildConfigurationList = FF643DF22917EEBD006BD33C /* Build configuration list for PBXProject "SwiftLearn" */;
			compatibilityVersion = "Xcode 14.0";
			developmentRegion = en;
			hasScannedForEncodings = 0;
			knownRegions = (
				en,
				Base,
			);
			mainGroup = FF643DEE2917EEBD006BD33C;
			productRefGroup = FF643DF82917EEBD006BD33C /* Products */;
			projectDirPath = "";
			projectRoot = "";
			targets = (
				FF643DF62917EEBD006BD33C /* SwiftLearn */,
				FF643E062917EEBF006BD33C /* SwiftLearnTests */,
				FF643E102917EEBF006BD33C /* SwiftLearnUITests */,
			);
		};
/* End PBXProject section */

/* Begin PBXResourcesBuildPhase section */
		FF643DF52917EEBD006BD33C /* Resources */ = {
			isa = PBXResourcesBuildPhase;
			buildActionMask = 2147483647;
			files = (
				FF151947294F6DE00068525F /* Poppins-SemiBold.ttf in Resources */,
				FF643E022917EEBF006BD33C /* Preview Assets.xcassets in Resources */,
				FF151941294F6DE00068525F /* Poppins-Bold.ttf in Resources */,
				FF8F5222295D4F4300E99AA0 /* Poppins-Medium.ttf in Resources */,
				FF643DFF2917EEBF006BD33C /* Assets.xcassets in Resources */,
				FF151944294F6DE00068525F /* Poppins-Regular.ttf in Resources */,
			);
			runOnlyForDeploymentPostprocessing = 0;
		};
		FF643E052917EEBF006BD33C /* Resources */ = {
			isa = PBXResourcesBuildPhase;
			buildActionMask = 2147483647;
			files = (
				FF151948294F6DE00068525F /* Poppins-SemiBold.ttf in Resources */,
				FF8F5223295D4F4300E99AA0 /* Poppins-Medium.ttf in Resources */,
				FF151942294F6DE00068525F /* Poppins-Bold.ttf in Resources */,
				FF151945294F6DE00068525F /* Poppins-Regular.ttf in Resources */,
			);
			runOnlyForDeploymentPostprocessing = 0;
		};
		FF643E0F2917EEBF006BD33C /* Resources */ = {
			isa = PBXResourcesBuildPhase;
			buildActionMask = 2147483647;
			files = (
				FF151949294F6DE00068525F /* Poppins-SemiBold.ttf in Resources */,
				FF8F5224295D4F4300E99AA0 /* Poppins-Medium.ttf in Resources */,
				FF151943294F6DE00068525F /* Poppins-Bold.ttf in Resources */,
				FF151946294F6DE00068525F /* Poppins-Regular.ttf in Resources */,
			);
			runOnlyForDeploymentPostprocessing = 0;
		};
/* End PBXResourcesBuildPhase section */

/* Begin PBXSourcesBuildPhase section */
		FF643DF32917EEBD006BD33C /* Sources */ = {
			isa = PBXSourcesBuildPhase;
			buildActionMask = 2147483647;
			files = (
				FF643DFD2917EEBD006BD33C /* ContentView.swift in Sources */,
				FFD0BD42295A94EA00D175EF /* HomeView.swift in Sources */,
				FF6E5DCB2988BAC4001BE5E7 /* ShoesDataView.swift in Sources */,
				FFA05148297E456100A83399 /* FetchGetView.swift in Sources */,
				FF938BF82998A6C300E3BA3D /* Counter.swift in Sources */,
				FF938BFB2998A82400E3BA3D /* CounterViewModel.swift in Sources */,
				FF78CB482963EED8009CD799 /* StarAppsSignInView.swift in Sources */,
				FFA0514C297E45C700A83399 /* Post.swift in Sources */,
				FFFB2913296EFC8200BE3903 /* YoutubeClone.swift in Sources */,
				FF15193D294F61C20068525F /* GetStartedView.swift in Sources */,
				FF27F38D2974EBD4003D70E9 /* BikeStoreView.swift in Sources */,
				FF8D0B39297D64CA00DA03D5 /* GeometryReaderView.swift in Sources */,
				FFF646DC297A6A10004FDF76 /* GlobalState.swift in Sources */,
				FFAE82012962B5E700326A84 /* DetailView.swift in Sources */,
				FFA05146297E337900A83399 /* DrawShapeView.swift in Sources */,
				FF655253297BA26400F953F9 /* EnvGlobalStateView.swift in Sources */,
				FFA05144297E29B900A83399 /* DragGestureView.swift in Sources */,
				FF6E5DCF2988C52E001BE5E7 /* ShoeService.swift in Sources */,
				FFA0514E297E463200A83399 /* ApiService.swift in Sources */,
				FF938BF52998A42600E3BA3D /* CounterMVVMView.swift in Sources */,
				FF643DFB2917EEBD006BD33C /* SwiftLearnApp.swift in Sources */,
				FF655255297BA50B00F953F9 /* AuthUser.swift in Sources */,
				FFFB3A5C296508660004E9F1 /* FormNavView.swift in Sources */,
				FF6E5DCD2988BAD4001BE5E7 /* Shoes.swift in Sources */,
			);
			runOnlyForDeploymentPostprocessing = 0;
		};
		FF643E032917EEBF006BD33C /* Sources */ = {
			isa = PBXSourcesBuildPhase;
			buildActionMask = 2147483647;
			files = (
				FF643E0C2917EEBF006BD33C /* SwiftLearnTests.swift in Sources */,
				FFD0BD43295A94EA00D175EF /* HomeView.swift in Sources */,
			);
			runOnlyForDeploymentPostprocessing = 0;
		};
		FF643E0D2917EEBF006BD33C /* Sources */ = {
			isa = PBXSourcesBuildPhase;
			buildActionMask = 2147483647;
			files = (
				FFD0BD44295A94EA00D175EF /* HomeView.swift in Sources */,
				FF643E162917EEBF006BD33C /* SwiftLearnUITests.swift in Sources */,
				FF643E182917EEBF006BD33C /* SwiftLearnUITestsLaunchTests.swift in Sources */,
			);
			runOnlyForDeploymentPostprocessing = 0;
		};
/* End PBXSourcesBuildPhase section */

/* Begin PBXTargetDependency section */
		FF643E092917EEBF006BD33C /* PBXTargetDependency */ = {
			isa = PBXTargetDependency;
			target = FF643DF62917EEBD006BD33C /* SwiftLearn */;
			targetProxy = FF643E082917EEBF006BD33C /* PBXContainerItemProxy */;
		};
		FF643E132917EEBF006BD33C /* PBXTargetDependency */ = {
			isa = PBXTargetDependency;
			target = FF643DF62917EEBD006BD33C /* SwiftLearn */;
			targetProxy = FF643E122917EEBF006BD33C /* PBXContainerItemProxy */;
		};
/* End PBXTargetDependency section */

/* Begin XCBuildConfiguration section */
		FF643E192917EEBF006BD33C /* Debug */ = {
			isa = XCBuildConfiguration;
			buildSettings = {
				ALWAYS_SEARCH_USER_PATHS = NO;
				CLANG_ANALYZER_NONNULL = YES;
				CLANG_ANALYZER_NUMBER_OBJECT_CONVERSION = YES_AGGRESSIVE;
				CLANG_CXX_LANGUAGE_STANDARD = "gnu++20";
				CLANG_ENABLE_MODULES = YES;
				CLANG_ENABLE_OBJC_ARC = YES;
				CLANG_ENABLE_OBJC_WEAK = YES;
				CLANG_WARN_BLOCK_CAPTURE_AUTORELEASING = YES;
				CLANG_WARN_BOOL_CONVERSION = YES;
				CLANG_WARN_COMMA = YES;
				CLANG_WARN_CONSTANT_CONVERSION = YES;
				CLANG_WARN_DEPRECATED_OBJC_IMPLEMENTATIONS = YES;
				CLANG_WARN_DIRECT_OBJC_ISA_USAGE = YES_ERROR;
				CLANG_WARN_DOCUMENTATION_COMMENTS = YES;
				CLANG_WARN_EMPTY_BODY = YES;
				CLANG_WARN_ENUM_CONVERSION = YES;
				CLANG_WARN_INFINITE_RECURSION = YES;
				CLANG_WARN_INT_CONVERSION = YES;
				CLANG_WARN_NON_LITERAL_NULL_CONVERSION = YES;
				CLANG_WARN_OBJC_IMPLICIT_RETAIN_SELF = YES;
				CLANG_WARN_OBJC_LITERAL_CONVERSION = YES;
				CLANG_WARN_OBJC_ROOT_CLASS = YES_ERROR;
				CLANG_WARN_QUOTED_INCLUDE_IN_FRAMEWORK_HEADER = YES;
				CLANG_WARN_RANGE_LOOP_ANALYSIS = YES;
				CLANG_WARN_STRICT_PROTOTYPES = YES;
				CLANG_WARN_SUSPICIOUS_MOVE = YES;
				CLANG_WARN_UNGUARDED_AVAILABILITY = YES_AGGRESSIVE;
				CLANG_WARN_UNREACHABLE_CODE = YES;
				CLANG_WARN__DUPLICATE_METHOD_MATCH = YES;
				COPY_PHASE_STRIP = NO;
				DEBUG_INFORMATION_FORMAT = dwarf;
				ENABLE_STRICT_OBJC_MSGSEND = YES;
				ENABLE_TESTABILITY = YES;
				GCC_C_LANGUAGE_STANDARD = gnu11;
				GCC_DYNAMIC_NO_PIC = NO;
				GCC_NO_COMMON_BLOCKS = YES;
				GCC_OPTIMIZATION_LEVEL = 0;
				GCC_PREPROCESSOR_DEFINITIONS = (
					"DEBUG=1",
					"$(inherited)",
				);
				GCC_WARN_64_TO_32_BIT_CONVERSION = YES;
				GCC_WARN_ABOUT_RETURN_TYPE = YES_ERROR;
				GCC_WARN_UNDECLARED_SELECTOR = YES;
				GCC_WARN_UNINITIALIZED_AUTOS = YES_AGGRESSIVE;
				GCC_WARN_UNUSED_FUNCTION = YES;
				GCC_WARN_UNUSED_VARIABLE = YES;
				IPHONEOS_DEPLOYMENT_TARGET = 16.0;
				MTL_ENABLE_DEBUG_INFO = INCLUDE_SOURCE;
				MTL_FAST_MATH = YES;
				ONLY_ACTIVE_ARCH = YES;
				SDKROOT = iphoneos;
				SWIFT_ACTIVE_COMPILATION_CONDITIONS = DEBUG;
				SWIFT_OPTIMIZATION_LEVEL = "-Onone";
			};
			name = Debug;
		};
		FF643E1A2917EEBF006BD33C /* Release */ = {
			isa = XCBuildConfiguration;
			buildSettings = {
				ALWAYS_SEARCH_USER_PATHS = NO;
				CLANG_ANALYZER_NONNULL = YES;
				CLANG_ANALYZER_NUMBER_OBJECT_CONVERSION = YES_AGGRESSIVE;
				CLANG_CXX_LANGUAGE_STANDARD = "gnu++20";
				CLANG_ENABLE_MODULES = YES;
				CLANG_ENABLE_OBJC_ARC = YES;
				CLANG_ENABLE_OBJC_WEAK = YES;
				CLANG_WARN_BLOCK_CAPTURE_AUTORELEASING = YES;
				CLANG_WARN_BOOL_CONVERSION = YES;
				CLANG_WARN_COMMA = YES;
				CLANG_WARN_CONSTANT_CONVERSION = YES;
				CLANG_WARN_DEPRECATED_OBJC_IMPLEMENTATIONS = YES;
				CLANG_WARN_DIRECT_OBJC_ISA_USAGE = YES_ERROR;
				CLANG_WARN_DOCUMENTATION_COMMENTS = YES;
				CLANG_WARN_EMPTY_BODY = YES;
				CLANG_WARN_ENUM_CONVERSION = YES;
				CLANG_WARN_INFINITE_RECURSION = YES;
				CLANG_WARN_INT_CONVERSION = YES;
				CLANG_WARN_NON_LITERAL_NULL_CONVERSION = YES;
				CLANG_WARN_OBJC_IMPLICIT_RETAIN_SELF = YES;
				CLANG_WARN_OBJC_LITERAL_CONVERSION = YES;
				CLANG_WARN_OBJC_ROOT_CLASS = YES_ERROR;
				CLANG_WARN_QUOTED_INCLUDE_IN_FRAMEWORK_HEADER = YES;
				CLANG_WARN_RANGE_LOOP_ANALYSIS = YES;
				CLANG_WARN_STRICT_PROTOTYPES = YES;
				CLANG_WARN_SUSPICIOUS_MOVE = YES;
				CLANG_WARN_UNGUARDED_AVAILABILITY = YES_AGGRESSIVE;
				CLANG_WARN_UNREACHABLE_CODE = YES;
				CLANG_WARN__DUPLICATE_METHOD_MATCH = YES;
				COPY_PHASE_STRIP = NO;
				DEBUG_INFORMATION_FORMAT = "dwarf-with-dsym";
				ENABLE_NS_ASSERTIONS = NO;
				ENABLE_STRICT_OBJC_MSGSEND = YES;
				GCC_C_LANGUAGE_STANDARD = gnu11;
				GCC_NO_COMMON_BLOCKS = YES;
				GCC_WARN_64_TO_32_BIT_CONVERSION = YES;
				GCC_WARN_ABOUT_RETURN_TYPE = YES_ERROR;
				GCC_WARN_UNDECLARED_SELECTOR = YES;
				GCC_WARN_UNINITIALIZED_AUTOS = YES_AGGRESSIVE;
				GCC_WARN_UNUSED_FUNCTION = YES;
				GCC_WARN_UNUSED_VARIABLE = YES;
				IPHONEOS_DEPLOYMENT_TARGET = 16.0;
				MTL_ENABLE_DEBUG_INFO = NO;
				MTL_FAST_MATH = YES;
				SDKROOT = iphoneos;
				SWIFT_COMPILATION_MODE = wholemodule;
				SWIFT_OPTIMIZATION_LEVEL = "-O";
				VALIDATE_PRODUCT = YES;
			};
			name = Release;
		};
		FF643E1C2917EEBF006BD33C /* Debug */ = {
			isa = XCBuildConfiguration;
			buildSettings = {
				ASSETCATALOG_COMPILER_APPICON_NAME = AppIcon;
				ASSETCATALOG_COMPILER_GLOBAL_ACCENT_COLOR_NAME = AccentColor;
				CODE_SIGN_STYLE = Automatic;
				CURRENT_PROJECT_VERSION = 1;
				DEVELOPMENT_ASSET_PATHS = "\"SwiftLearn/Preview Content\"";
				DEVELOPMENT_TEAM = 6JD2XPRD65;
				ENABLE_PREVIEWS = YES;
				GENERATE_INFOPLIST_FILE = YES;
				INFOPLIST_FILE = SwiftLearn/Info.plist;
				INFOPLIST_KEY_UIApplicationSceneManifest_Generation = YES;
				INFOPLIST_KEY_UIApplicationSupportsIndirectInputEvents = YES;
				INFOPLIST_KEY_UILaunchScreen_Generation = YES;
				INFOPLIST_KEY_UISupportedInterfaceOrientations_iPad = "UIInterfaceOrientationPortrait UIInterfaceOrientationPortraitUpsideDown UIInterfaceOrientationLandscapeLeft UIInterfaceOrientationLandscapeRight";
				INFOPLIST_KEY_UISupportedInterfaceOrientations_iPhone = "UIInterfaceOrientationPortrait UIInterfaceOrientationLandscapeLeft UIInterfaceOrientationLandscapeRight";
				LD_RUNPATH_SEARCH_PATHS = (
					"$(inherited)",
					"@executable_path/Frameworks",
				);
				MARKETING_VERSION = 1.0;
				PRODUCT_BUNDLE_IDENTIFIER = Icodegp.SwiftLearn;
				PRODUCT_NAME = "$(TARGET_NAME)";
				SWIFT_EMIT_LOC_STRINGS = YES;
				SWIFT_VERSION = 5.0;
				TARGETED_DEVICE_FAMILY = "1,2";
			};
			name = Debug;
		};
		FF643E1D2917EEBF006BD33C /* Release */ = {
			isa = XCBuildConfiguration;
			buildSettings = {
				ASSETCATALOG_COMPILER_APPICON_NAME = AppIcon;
				ASSETCATALOG_COMPILER_GLOBAL_ACCENT_COLOR_NAME = AccentColor;
				CODE_SIGN_STYLE = Automatic;
				CURRENT_PROJECT_VERSION = 1;
				DEVELOPMENT_ASSET_PATHS = "\"SwiftLearn/Preview Content\"";
				DEVELOPMENT_TEAM = 6JD2XPRD65;
				ENABLE_PREVIEWS = YES;
				GENERATE_INFOPLIST_FILE = YES;
				INFOPLIST_FILE = SwiftLearn/Info.plist;
				INFOPLIST_KEY_UIApplicationSceneManifest_Generation = YES;
				INFOPLIST_KEY_UIApplicationSupportsIndirectInputEvents = YES;
				INFOPLIST_KEY_UILaunchScreen_Generation = YES;
				INFOPLIST_KEY_UISupportedInterfaceOrientations_iPad = "UIInterfaceOrientationPortrait UIInterfaceOrientationPortraitUpsideDown UIInterfaceOrientationLandscapeLeft UIInterfaceOrientationLandscapeRight";
				INFOPLIST_KEY_UISupportedInterfaceOrientations_iPhone = "UIInterfaceOrientationPortrait UIInterfaceOrientationLandscapeLeft UIInterfaceOrientationLandscapeRight";
				LD_RUNPATH_SEARCH_PATHS = (
					"$(inherited)",
					"@executable_path/Frameworks",
				);
				MARKETING_VERSION = 1.0;
				PRODUCT_BUNDLE_IDENTIFIER = Icodegp.SwiftLearn;
				PRODUCT_NAME = "$(TARGET_NAME)";
				SWIFT_EMIT_LOC_STRINGS = YES;
				SWIFT_VERSION = 5.0;
				TARGETED_DEVICE_FAMILY = "1,2";
			};
			name = Release;
		};
		FF643E1F2917EEBF006BD33C /* Debug */ = {
			isa = XCBuildConfiguration;
			buildSettings = {
				ALWAYS_EMBED_SWIFT_STANDARD_LIBRARIES = YES;
				BUNDLE_LOADER = "$(TEST_HOST)";
				CODE_SIGN_STYLE = Automatic;
				CURRENT_PROJECT_VERSION = 1;
				DEVELOPMENT_TEAM = 6JD2XPRD65;
				GENERATE_INFOPLIST_FILE = YES;
				IPHONEOS_DEPLOYMENT_TARGET = 16.0;
				MARKETING_VERSION = 1.0;
				PRODUCT_BUNDLE_IDENTIFIER = Icodegp.SwiftLearnTests;
				PRODUCT_NAME = "$(TARGET_NAME)";
				SWIFT_EMIT_LOC_STRINGS = NO;
				SWIFT_VERSION = 5.0;
				TARGETED_DEVICE_FAMILY = "1,2";
				TEST_HOST = "$(BUILT_PRODUCTS_DIR)/SwiftLearn.app/$(BUNDLE_EXECUTABLE_FOLDER_PATH)/SwiftLearn";
			};
			name = Debug;
		};
		FF643E202917EEBF006BD33C /* Release */ = {
			isa = XCBuildConfiguration;
			buildSettings = {
				ALWAYS_EMBED_SWIFT_STANDARD_LIBRARIES = YES;
				BUNDLE_LOADER = "$(TEST_HOST)";
				CODE_SIGN_STYLE = Automatic;
				CURRENT_PROJECT_VERSION = 1;
				DEVELOPMENT_TEAM = 6JD2XPRD65;
				GENERATE_INFOPLIST_FILE = YES;
				IPHONEOS_DEPLOYMENT_TARGET = 16.0;
				MARKETING_VERSION = 1.0;
				PRODUCT_BUNDLE_IDENTIFIER = Icodegp.SwiftLearnTests;
				PRODUCT_NAME = "$(TARGET_NAME)";
				SWIFT_EMIT_LOC_STRINGS = NO;
				SWIFT_VERSION = 5.0;
				TARGETED_DEVICE_FAMILY = "1,2";
				TEST_HOST = "$(BUILT_PRODUCTS_DIR)/SwiftLearn.app/$(BUNDLE_EXECUTABLE_FOLDER_PATH)/SwiftLearn";
			};
			name = Release;
		};
		FF643E222917EEBF006BD33C /* Debug */ = {
			isa = XCBuildConfiguration;
			buildSettings = {
				ALWAYS_EMBED_SWIFT_STANDARD_LIBRARIES = YES;
				CODE_SIGN_STYLE = Automatic;
				CURRENT_PROJECT_VERSION = 1;
				DEVELOPMENT_TEAM = 6JD2XPRD65;
				GENERATE_INFOPLIST_FILE = YES;
				MARKETING_VERSION = 1.0;
				PRODUCT_BUNDLE_IDENTIFIER = Icodegp.SwiftLearnUITests;
				PRODUCT_NAME = "$(TARGET_NAME)";
				SWIFT_EMIT_LOC_STRINGS = NO;
				SWIFT_VERSION = 5.0;
				TARGETED_DEVICE_FAMILY = "1,2";
				TEST_TARGET_NAME = SwiftLearn;
			};
			name = Debug;
		};
		FF643E232917EEBF006BD33C /* Release */ = {
			isa = XCBuildConfiguration;
			buildSettings = {
				ALWAYS_EMBED_SWIFT_STANDARD_LIBRARIES = YES;
				CODE_SIGN_STYLE = Automatic;
				CURRENT_PROJECT_VERSION = 1;
				DEVELOPMENT_TEAM = 6JD2XPRD65;
				GENERATE_INFOPLIST_FILE = YES;
				MARKETING_VERSION = 1.0;
				PRODUCT_BUNDLE_IDENTIFIER = Icodegp.SwiftLearnUITests;
				PRODUCT_NAME = "$(TARGET_NAME)";
				SWIFT_EMIT_LOC_STRINGS = NO;
				SWIFT_VERSION = 5.0;
				TARGETED_DEVICE_FAMILY = "1,2";
				TEST_TARGET_NAME = SwiftLearn;
			};
			name = Release;
		};
/* End XCBuildConfiguration section */

/* Begin XCConfigurationList section */
		FF643DF22917EEBD006BD33C /* Build configuration list for PBXProject "SwiftLearn" */ = {
			isa = XCConfigurationList;
			buildConfigurations = (
				FF643E192917EEBF006BD33C /* Debug */,
				FF643E1A2917EEBF006BD33C /* Release */,
			);
			defaultConfigurationIsVisible = 0;
			defaultConfigurationName = Release;
		};
		FF643E1B2917EEBF006BD33C /* Build configuration list for PBXNativeTarget "SwiftLearn" */ = {
			isa = XCConfigurationList;
			buildConfigurations = (
				FF643E1C2917EEBF006BD33C /* Debug */,
				FF643E1D2917EEBF006BD33C /* Release */,
			);
			defaultConfigurationIsVisible = 0;
			defaultConfigurationName = Release;
		};
		FF643E1E2917EEBF006BD33C /* Build configuration list for PBXNativeTarget "SwiftLearnTests" */ = {
			isa = XCConfigurationList;
			buildConfigurations = (
				FF643E1F2917EEBF006BD33C /* Debug */,
				FF643E202917EEBF006BD33C /* Release */,
			);
			defaultConfigurationIsVisible = 0;
			defaultConfigurationName = Release;
		};
		FF643E212917EEBF006BD33C /* Build configuration list for PBXNativeTarget "SwiftLearnUITests" */ = {
			isa = XCConfigurationList;
			buildConfigurations = (
				FF643E222917EEBF006BD33C /* Debug */,
				FF643E232917EEBF006BD33C /* Release */,
			);
			defaultConfigurationIsVisible = 0;
			defaultConfigurationName = Release;
		};
/* End XCConfigurationList section */
	};
	rootObject = FF643DEF2917EEBD006BD33C /* Project object */;
}
